
Microsoft Visual Studio Solution File, Format Version 12.00
# Visual Studio Version 16
VisualStudioVersion = 16.0.29806.167
MinimumVisualStudioVersion = 10.0.40219.1
Project("{2150E333-8FDC-42A3-9474-1A3956D46DE8}") = "solution", "solution", "{B6EE1725-B03B-4F8D-9203-EFAF99ED37DC}"
	ProjectSection(SolutionItems) = preProject
		.gitattributes = .gitattributes
		.gitignore = .gitignore
		LICENSE = LICENSE
		README.md = README.md
	EndProjectSection
EndProject
Project("{2150E333-8FDC-42A3-9474-1A3956D46DE8}") = "src", "src", "{777EF638-166D-4D96-935E-62BFE08CDB4E}"
EndProject
Project("{FAE04EC0-301F-11D3-BF4B-00C04F79EFBC}") = "MochaDBStudio", "src\MochaDBStudio.csproj", "{851705E4-DC94-4770-BF9B-057984540267}"
EndProject
Project("{2150E333-8FDC-42A3-9474-1A3956D46DE8}") = "docs", "docs", "{C768414E-3EC2-4C20-80BE-2A1999133973}"
EndProject
Project("{2150E333-8FDC-42A3-9474-1A3956D46DE8}") = "resources", "resources", "{D9C6BBFE-F7F2-4AF0-87F7-97276679D35F}"
	ProjectSection(SolutionItems) = preProject
		docs\resources\MochaDB_Logo.ico = docs\resources\MochaDB_Logo.ico
		docs\resources\MochaDBStudio_Texted.png = docs\resources\MochaDBStudio_Texted.png
	EndProjectSection
EndProject
Global
	GlobalSection(SolutionConfigurationPlatforms) = preSolution
		Debug|Any CPU = Debug|Any CPU
		Release|Any CPU = Release|Any CPU
	EndGlobalSection
	GlobalSection(ProjectConfigurationPlatforms) = postSolution
		{851705E4-DC94-4770-BF9B-057984540267}.Debug|Any CPU.ActiveCfg = Debug|Any CPU
		{851705E4-DC94-4770-BF9B-057984540267}.Debug|Any CPU.Build.0 = Debug|Any CPU
		{851705E4-DC94-4770-BF9B-057984540267}.Release|Any CPU.ActiveCfg = Release|Any CPU
		{851705E4-DC94-4770-BF9B-057984540267}.Release|Any CPU.Build.0 = Release|Any CPU
	EndGlobalSection
	GlobalSection(SolutionProperties) = preSolution
		HideSolutionNode = FALSE
	EndGlobalSection
	GlobalSection(NestedProjects) = preSolution
		{851705E4-DC94-4770-BF9B-057984540267} = {777EF638-166D-4D96-935E-62BFE08CDB4E}
		{D9C6BBFE-F7F2-4AF0-87F7-97276679D35F} = {C768414E-3EC2-4C20-80BE-2A1999133973}
	EndGlobalSection
	GlobalSection(ExtensibilityGlobals) = postSolution
		SolutionGuid = {6C015094-03DF-4DE9-B793-B25685DEE8E0}
	EndGlobalSection
EndGlobal
