
Microsoft Visual Studio Solution File, Format Version 12.00
# Visual Studio Version 16
VisualStudioVersion = 16.0.29709.97
MinimumVisualStudioVersion = 10.0.40219.1
Project("{9A19103F-16F7-4668-BE54-9A1E7A4F7556}") = "MochaDBStudio", "MochaDBStudio\MochaDBStudio.csproj", "{A8EC010A-C233-4EDE-A1B4-F28C76A80220}"
EndProject
Global
	GlobalSection(SolutionConfigurationPlatforms) = preSolution
		Debug|Any CPU = Debug|Any CPU
		Release|Any CPU = Release|Any CPU
	EndGlobalSection
	GlobalSection(ProjectConfigurationPlatforms) = postSolution
		{A8EC010A-C233-4EDE-A1B4-F28C76A80220}.Debug|Any CPU.ActiveCfg = Debug|Any CPU
		{A8EC010A-C233-4EDE-A1B4-F28C76A80220}.Debug|Any CPU.Build.0 = Debug|Any CPU
		{A8EC010A-C233-4EDE-A1B4-F28C76A80220}.Release|Any CPU.ActiveCfg = Release|Any CPU
		{A8EC010A-C233-4EDE-A1B4-F28C76A80220}.Release|Any CPU.Build.0 = Release|Any CPU
	EndGlobalSection
	GlobalSection(SolutionProperties) = preSolution
		HideSolutionNode = FALSE
	EndGlobalSection
	GlobalSection(ExtensibilityGlobals) = postSolution
		SolutionGuid = {8CD21DD0-B661-4870-858A-A92EAFE11FA7}
	EndGlobalSection
EndGlobal
